github.com/davecgh/go-spew v1.1.0/go.mod h1:J7Y8YcW2NihsgmVo/mv3lAwl/skON4iLHjSsI+c5H38=
github.com/davecgh/go-spew v1.1.1/go.mod h1:J7Y8YcW2NihsgmVo/mv3lAwl/skON4iLHjSsI+c5H38=
github.com/decred/dcrd/chaincfg/chainhash v1.0.2/go.mod h1:BpbrGgrPTr3YJYRN3Bm+D9NuaFd+zGyNeIKgrhCXK60=
github.com/decred/dcrd/crypto/blake256 v1.0.0/go.mod h1:sQl2p6Y26YV+ZOcSTP6thNdn47hh8kt6rqSlvmrXFAc=
github.com/decred/dcrd/dcrec/secp256k1/v2 v2.0.0 h1:3GIJYXQDAKpLEFriGFN8SbSffak10UXHGdIcFaMPykY=
github.com/decred/dcrd/dcrec/secp256k1/v2 v2.0.0/go.mod h1:3s92l0paYkZoIHuj4X93Teg/HB7eGM9x/zokGw+u4mY=
github.com/jessevdk/go-flags v1.5.0 h1:1jKYvbxEjfUl0fmqTCOfonvskHHXMjBySTLW4y9LFvc=
github.com/jessevdk/go-flags v1.5.0/go.mod h1:Fw0T6WPc1dYxT4mKEZRfG5kJhaTDP9pj1c2EWnYs/m4=
github.com/pmezard/go-difflib v1.0.0/go.mod h1:iKH77koFhYxTK1pcRnkKkqfTogsbg7gZNVY4sRDYZ/4=
github.com/stretchr/objx v0.1.0/go.mod h1:HFkY916IF+rwdDfMAkV7OtwuqBVzrE8GR6GFx+wExME=
github.com/stretchr/testify v1.6.1/go.mod h1:6Fq8oRcR53rry900zMqJjRRixrwX3KX962/h/Wwjteg=
github.com/stretchr/testify v1.7.0/go.mod h1:6Fq8oRcR53rry900zMqJjRRixrwX3KX962/h/Wwjteg=
github.com/vtopc/epoch v1.3.0/go.mod h1:oQJwg81RJ2bCV01D4ImQ+cwpcRDUNc66x/9A/6I2RYU=
github.com/vtopc/epoch v1.4.0 h1:C59lL9TT9lc0AGZuzlE9C3xcLXAvk6Z8n5XWdarpxz0=
github.com/vtopc/epoch v1.4.0/go.mod h1:kAHd1D/6BOWKkZSRGcH83cQQyIIUHbCfqZkuK7iEDas=
github.com/vtopc/go-monobank v0.19.1 h1:swa3U2N2n7FnSaP5zb/j73iL5Tud/IxKpTrcaByNhgI=
github.com/vtopc/go-monobank v0.19.1/go.mod h1:gTC/lAouMpz9WfHnXF3RC0JdEPZwnl7P4vBG+htKT3c=
github.com/vtopc/go-rest v0.3.0/go.mod h1:t7XPUz57Z+U66vsVIjEm89Uw/NZf486JVAFhq6+mZps=
github.com/vtopc/go-rest v0.4.0 h1:ycBdlQPOZTVvgdyO/Q+ldZaHbmtSBI7U5F7KzjtC0u4=
github.com/vtopc/go-rest v0.4.0/go.mod h1:t7XPUz57Z+U66vsVIjEm89Uw/NZf486JVAFhq6+mZps=
golang.org/x/sys v0.0.0-20210320140829-1e4c9ba3b0c4/go.mod h1:h1NjWce9XRLGQEsW7wpKNCjG9DtNlClVuFLEZdDNbEs=
golang.org/x/sys v0.7.0 h1:3jlCCIQZPdOYu1h8BkNvLz8Kgwtae2cagcG/VamtZRU=
golang.org/x/sys v0.7.0/go.mod h1:oPkhp1MJrh7nUepCBck5+mAzfO9JrbApNNgaTdGDITg=
gopkg.in/check.v1 v0.0.0-20161208181325-20d25e280405/go.mod h1:Co6ibVJAznAaIkqp8huTwlJQCZ016jof/cbN4VW5Yz0=
gopkg.in/yaml.v3 v3.0.0-20200313102051-9f266ea9e77c/go.mod h1:K4uyk7z7BCEPqu6E+C64Yfv1cQ7kz7rIZviUmN+EgEM=
